
Microsoft Visual Studio Solution File, Format Version 12.00
# Visual Studio Version 16
VisualStudioVersion = 25.0.1704.5
MinimumVisualStudioVersion = 10.0.40219.1
Project("{FAE04EC0-301F-11D3-BF4B-00C04F79EFBC}") = "LunaGames", "LunaGames\LunaGames.csproj", "{536DC45F-524E-44D7-9DFD-DC6EDE091293}"
EndProject
Project("{FAE04EC0-301F-11D3-BF4B-00C04F79EFBC}") = "LunaGames.Tests", "LunaGames.Tests\LunaGames.Tests.csproj", "{53D75327-86CA-45B3-B1A8-B60423B4F39A}"
EndProject
Global
	GlobalSection(SolutionConfigurationPlatforms) = preSolution
		Debug|Any CPU = Debug|Any CPU
		Release|Any CPU = Release|Any CPU
	EndGlobalSection
	GlobalSection(ProjectConfigurationPlatforms) = postSolution
		{536DC45F-524E-44D7-9DFD-DC6EDE091293}.Debug|Any CPU.ActiveCfg = Debug|Any CPU
		{536DC45F-524E-44D7-9DFD-DC6EDE091293}.Debug|Any CPU.Build.0 = Debug|Any CPU
		{536DC45F-524E-44D7-9DFD-DC6EDE091293}.Release|Any CPU.ActiveCfg = Release|Any CPU
		{536DC45F-524E-44D7-9DFD-DC6EDE091293}.Release|Any CPU.Build.0 = Release|Any CPU
		{53D75327-86CA-45B3-B1A8-B60423B4F39A}.Debug|Any CPU.ActiveCfg = Debug|Any CPU
		{53D75327-86CA-45B3-B1A8-B60423B4F39A}.Debug|Any CPU.Build.0 = Debug|Any CPU
		{53D75327-86CA-45B3-B1A8-B60423B4F39A}.Release|Any CPU.ActiveCfg = Release|Any CPU
		{53D75327-86CA-45B3-B1A8-B60423B4F39A}.Release|Any CPU.Build.0 = Release|Any CPU
	EndGlobalSection
	GlobalSection(SolutionProperties) = preSolution
		HideSolutionNode = FALSE
	EndGlobalSection
	GlobalSection(ExtensibilityGlobals) = postSolution
		SolutionGuid = {703EF4C4-0139-4578-9B4C-F8C5DAC15F40}
	EndGlobalSection
EndGlobal
